// !$*UTF8*$!
{
	archiveVersion = 1;
	classes = {
	};
	objectVersion = 46;
	objects = {

/* Begin PBXBuildFile section */
		A6C450671BA7F94600C42E44 /* AppDelegate.swift in Sources */ = {isa = PBXBuildFile; fileRef = A6C450661BA7F94600C42E44 /* AppDelegate.swift */; };
		A6C450691BA7F94600C42E44 /* ViewController.swift in Sources */ = {isa = PBXBuildFile; fileRef = A6C450681BA7F94600C42E44 /* ViewController.swift */; };
		A6C4506C1BA7F94600C42E44 /* Main.storyboard in Resources */ = {isa = PBXBuildFile; fileRef = A6C4506A1BA7F94600C42E44 /* Main.storyboard */; };
		A6C4506E1BA7F94600C42E44 /* Images.xcassets in Resources */ = {isa = PBXBuildFile; fileRef = A6C4506D1BA7F94600C42E44 /* Images.xcassets */; };
		A6C450711BA7F94600C42E44 /* LaunchScreen.xib in Resources */ = {isa = PBXBuildFile; fileRef = A6C4506F1BA7F94600C42E44 /* LaunchScreen.xib */; };
		A6C4507D1BA7F94600C42E44 /* Map_Test_SwiftTests.swift in Sources */ = {isa = PBXBuildFile; fileRef = A6C4507C1BA7F94600C42E44 /* Map_Test_SwiftTests.swift */; };
/* End PBXBuildFile section */

/* Begin PBXContainerItemProxy section */
		A6C450771BA7F94600C42E44 /* PBXContainerItemProxy */ = {
			isa = PBXContainerItemProxy;
			containerPortal = A6C450591BA7F94500C42E44 /* Project object */;
			proxyType = 1;
			remoteGlobalIDString = A6C450601BA7F94600C42E44;
			remoteInfo = Map_Test_Swift;
		};
/* End PBXContainerItemProxy section */

/* Begin PBXFileReference section */
		A6C450611BA7F94600C42E44 /* Map_Test_Swift.app */ = {isa = PBXFileReference; explicitFileType = wrapper.application; includeInIndex = 0; path = Map_Test_Swift.app; sourceTree = BUILT_PRODUCTS_DIR; };
		A6C450651BA7F94600C42E44 /* Info.plist */ = {isa = PBXFileReference; lastKnownFileType = text.plist.xml; path = Info.plist; sourceTree = "<group>"; };
		A6C450661BA7F94600C42E44 /* AppDelegate.swift */ = {isa = PBXFileReference; lastKnownFileType = sourcecode.swift; path = AppDelegate.swift; sourceTree = "<group>"; };
		A6C450681BA7F94600C42E44 /* ViewController.swift */ = {isa = PBXFileReference; lastKnownFileType = sourcecode.swift; path = ViewController.swift; sourceTree = "<group>"; };
		A6C4506B1BA7F94600C42E44 /* Base */ = {isa = PBXFileReference; lastKnownFileType = file.storyboard; name = Base; path = Base.lproj/Main.storyboard; sourceTree = "<group>"; };
		A6C4506D1BA7F94600C42E44 /* Images.xcassets */ = {isa = PBXFileReference; lastKnownFileType = folder.assetcatalog; path = Images.xcassets; sourceTree = "<group>"; };
		A6C450701BA7F94600C42E44 /* Base */ = {isa = PBXFileReference; lastKnownFileType = file.xib; name = Base; path = Base.lproj/LaunchScreen.xib; sourceTree = "<group>"; };
		A6C450761BA7F94600C42E44 /* Map_Test_SwiftTests.xctest */ = {isa = PBXFileReference; explicitFileType = wrapper.cfbundle; includeInIndex = 0; path = Map_Test_SwiftTests.xctest; sourceTree = BUILT_PRODUCTS_DIR; };
		A6C4507B1BA7F94600C42E44 /* Info.plist */ = {isa = PBXFileReference; lastKnownFileType = text.plist.xml; path = Info.plist; sourceTree = "<group>"; };
		A6C4507C1BA7F94600C42E44 /* Map_Test_SwiftTests.swift */ = {isa = PBXFileReference; lastKnownFileType = sourcecode.swift; path = Map_Test_SwiftTests.swift; sourceTree = "<group>"; };
/* End PBXFileReference section */

/* Begin PBXFrameworksBuildPhase section */
		A6C4505E1BA7F94600C42E44 /* Frameworks */ = {
			isa = PBXFrameworksBuildPhase;
			buildActionMask = 2147483647;
			files = (
			);
			runOnlyForDeploymentPostprocessing = 0;
		};
		A6C450731BA7F94600C42E44 /* Frameworks */ = {
			isa = PBXFrameworksBuildPhase;
			buildActionMask = 2147483647;
			files = (
			);
			runOnlyForDeploymentPostprocessing = 0;
		};
/* End PBXFrameworksBuildPhase section */

/* Begin PBXGroup section */
		A6C450581BA7F94500C42E44 = {
			isa = PBXGroup;
			children = (
				A6C450631BA7F94600C42E44 /* Map_Test_Swift */,
				A6C450791BA7F94600C42E44 /* Map_Test_SwiftTests */,
				A6C450621BA7F94600C42E44 /* Products */,
			);
			sourceTree = "<group>";
		};
		A6C450621BA7F94600C42E44 /* Products */ = {
			isa = PBXGroup;
			children = (
				A6C450611BA7F94600C42E44 /* Map_Test_Swift.app */,
				A6C450761BA7F94600C42E44 /* Map_Test_SwiftTests.xctest */,
			);
			name = Products;
			sourceTree = "<group>";
		};
		A6C450631BA7F94600C42E44 /* Map_Test_Swift */ = {
			isa = PBXGroup;
			children = (
				A6C450661BA7F94600C42E44 /* AppDelegate.swift */,
				A6C450681BA7F94600C42E44 /* ViewController.swift */,
				A6C4506A1BA7F94600C42E44 /* Main.storyboard */,
				A6C4506D1BA7F94600C42E44 /* Images.xcassets */,
				A6C4506F1BA7F94600C42E44 /* LaunchScreen.xib */,
				A6C450641BA7F94600C42E44 /* Supporting Files */,
			);
			path = Map_Test_Swift;
			sourceTree = "<group>";
		};
		A6C450641BA7F94600C42E44 /* Supporting Files */ = {
			isa = PBXGroup;
			children = (
				A6C450651BA7F94600C42E44 /* Info.plist */,
			);
			name = "Supporting Files";
			sourceTree = "<group>";
		};
		A6C450791BA7F94600C42E44 /* Map_Test_SwiftTests */ = {
			isa = PBXGroup;
			children = (
				A6C4507C1BA7F94600C42E44 /* Map_Test_SwiftTests.swift */,
				A6C4507A1BA7F94600C42E44 /* Supporting Files */,
			);
			path = Map_Test_SwiftTests;
			sourceTree = "<group>";
		};
		A6C4507A1BA7F94600C42E44 /* Supporting Files */ = {
			isa = PBXGroup;
			children = (
				A6C4507B1BA7F94600C42E44 /* Info.plist */,
			);
			name = "Supporting Files";
			sourceTree = "<group>";
		};
/* End PBXGroup section */

/* Begin PBXNativeTarget section */
		A6C450601BA7F94600C42E44 /* Map_Test_Swift */ = {
			isa = PBXNativeTarget;
			buildConfigurationList = A6C450801BA7F94600C42E44 /* Build configuration list for PBXNativeTarget "Map_Test_Swift" */;
			buildPhases = (
				A6C4505D1BA7F94600C42E44 /* Sources */,
				A6C4505E1BA7F94600C42E44 /* Frameworks */,
				A6C4505F1BA7F94600C42E44 /* Resources */,
			);
			buildRules = (
			);
			dependencies = (
			);
			name = Map_Test_Swift;
			productName = Map_Test_Swift;
			productReference = A6C450611BA7F94600C42E44 /* Map_Test_Swift.app */;
			productType = "com.apple.product-type.application";
		};
		A6C450751BA7F94600C42E44 /* Map_Test_SwiftTests */ = {
			isa = PBXNativeTarget;
			buildConfigurationList = A6C450831BA7F94600C42E44 /* Build configuration list for PBXNativeTarget "Map_Test_SwiftTests" */;
			buildPhases = (
				A6C450721BA7F94600C42E44 /* Sources */,
				A6C450731BA7F94600C42E44 /* Frameworks */,
				A6C450741BA7F94600C42E44 /* Resources */,
			);
			buildRules = (
			);
			dependencies = (
				A6C450781BA7F94600C42E44 /* PBXTargetDependency */,
			);
			name = Map_Test_SwiftTests;
			productName = Map_Test_SwiftTests;
			productReference = A6C450761BA7F94600C42E44 /* Map_Test_SwiftTests.xctest */;
			productType = "com.apple.product-type.bundle.unit-test";
		};
/* End PBXNativeTarget section */

/* Begin PBXProject section */
		A6C450591BA7F94500C42E44 /* Project object */ = {
			isa = PBXProject;
			attributes = {
				LastUpgradeCheck = 0640;
				ORGANIZATIONNAME = "水野 駿";
				TargetAttributes = {
					A6C450601BA7F94600C42E44 = {
						CreatedOnToolsVersion = 6.4;
					};
					A6C450751BA7F94600C42E44 = {
						CreatedOnToolsVersion = 6.4;
						TestTargetID = A6C450601BA7F94600C42E44;
					};
				};
			};
			buildConfigurationList = A6C4505C1BA7F94500C42E44 /* Build configuration list for PBXProject "Map_Test_Swift" */;
			compatibilityVersion = "Xcode 3.2";
			developmentRegion = English;
			hasScannedForEncodings = 0;
			knownRegions = (
				en,
				Base,
			);
			mainGroup = A6C450581BA7F94500C42E44;
			productRefGroup = A6C450621BA7F94600C42E44 /* Products */;
			projectDirPath = "";
			projectRoot = "";
			targets = (
				A6C450601BA7F94600C42E44 /* Map_Test_Swift */,
				A6C450751BA7F94600C42E44 /* Map_Test_SwiftTests */,
			);
		};
/* End PBXProject section */

/* Begin PBXResourcesBuildPhase section */
		A6C4505F1BA7F94600C42E44 /* Resources */ = {
			isa = PBXResourcesBuildPhase;
			buildActionMask = 2147483647;
			files = (
				A6C4506C1BA7F94600C42E44 /* Main.storyboard in Resources */,
				A6C450711BA7F94600C42E44 /* LaunchScreen.xib in Resources */,
				A6C4506E1BA7F94600C42E44 /* Images.xcassets in Resources */,
			);
			runOnlyForDeploymentPostprocessing = 0;
		};
		A6C450741BA7F94600C42E44 /* Resources */ = {
			isa = PBXResourcesBuildPhase;
			buildActionMask = 2147483647;
			files = (
			);
			runOnlyForDeploymentPostprocessing = 0;
		};
/* End PBXResourcesBuildPhase section */

/* Begin PBXSourcesBuildPhase section */
		A6C4505D1BA7F94600C42E44 /* Sources */ = {
			isa = PBXSourcesBuildPhase;
			buildActionMask = 2147483647;
			files = (
				A6C450691BA7F94600C42E44 /* ViewController.swift in Sources */,
				A6C450671BA7F94600C42E44 /* AppDelegate.swift in Sources */,
			);
			runOnlyForDeploymentPostprocessing = 0;
		};
		A6C450721BA7F94600C42E44 /* Sources */ = {
			isa = PBXSourcesBuildPhase;
			buildActionMask = 2147483647;
			files = (
				A6C4507D1BA7F94600C42E44 /* Map_Test_SwiftTests.swift in Sources */,
			);
			runOnlyForDeploymentPostprocessing = 0;
		};
/* End PBXSourcesBuildPhase section */

/* Begin PBXTargetDependency section */
		A6C450781BA7F94600C42E44 /* PBXTargetDependency */ = {
			isa = PBXTargetDependency;
			target = A6C450601BA7F94600C42E44 /* Map_Test_Swift */;
			targetProxy = A6C450771BA7F94600C42E44 /* PBXContainerItemProxy */;
		};
/* End PBXTargetDependency section */

/* Begin PBXVariantGroup section */
		A6C4506A1BA7F94600C42E44 /* Main.storyboard */ = {
			isa = PBXVariantGroup;
			children = (
				A6C4506B1BA7F94600C42E44 /* Base */,
			);
			name = Main.storyboard;
			sourceTree = "<group>";
		};
		A6C4506F1BA7F94600C42E44 /* LaunchScreen.xib */ = {
			isa = PBXVariantGroup;
			children = (
				A6C450701BA7F94600C42E44 /* Base */,
			);
			name = LaunchScreen.xib;
			sourceTree = "<group>";
		};
/* End PBXVariantGroup section */

/* Begin XCBuildConfiguration section */
		A6C4507E1BA7F94600C42E44 /* Debug */ = {
			isa = XCBuildConfiguration;
			buildSettings = {
				ALWAYS_SEARCH_USER_PATHS = NO;
				CLANG_CXX_LANGUAGE_STANDARD = "gnu++0x";
				CLANG_CXX_LIBRARY = "libc++";
				CLANG_ENABLE_MODULES = YES;
				CLANG_ENABLE_OBJC_ARC = YES;
				CLANG_WARN_BOOL_CONVERSION = YES;
				CLANG_WARN_CONSTANT_CONVERSION = YES;
				CLANG_WARN_DIRECT_OBJC_ISA_USAGE = YES_ERROR;
				CLANG_WARN_EMPTY_BODY = YES;
				CLANG_WARN_ENUM_CONVERSION = YES;
				CLANG_WARN_INT_CONVERSION = YES;
				CLANG_WARN_OBJC_ROOT_CLASS = YES_ERROR;
				CLANG_WARN_UNREACHABLE_CODE = YES;
				CLANG_WARN__DUPLICATE_METHOD_MATCH = YES;
				"CODE_SIGN_IDENTITY[sdk=iphoneos*]" = "iPhone Developer";
				COPY_PHASE_STRIP = NO;
				DEBUG_INFORMATION_FORMAT = "dwarf-with-dsym";
				ENABLE_STRICT_OBJC_MSGSEND = YES;
				GCC_C_LANGUAGE_STANDARD = gnu99;
				GCC_DYNAMIC_NO_PIC = NO;
				GCC_NO_COMMON_BLOCKS = YES;
				GCC_OPTIMIZATION_LEVEL = 0;
				GCC_PREPROCESSOR_DEFINITIONS = (
					"DEBUG=1",
					"$(inherited)",
				);
				GCC_SYMBOLS_PRIVATE_EXTERN = NO;
				GCC_WARN_64_TO_32_BIT_CONVERSION = YES;
				GCC_WARN_ABOUT_RETURN_TYPE = YES_ERROR;
				GCC_WARN_UNDECLARED_SELECTOR = YES;
				GCC_WARN_UNINITIALIZED_AUTOS = YES_AGGRESSIVE;
				GCC_WARN_UNUSED_FUNCTION = YES;
				GCC_WARN_UNUSED_VARIABLE = YES;
				IPHONEOS_DEPLOYMENT_TARGET = 8.4;
				MTL_ENABLE_DEBUG_INFO = YES;
				ONLY_ACTIVE_ARCH = YES;
				SDKROOT = iphoneos;
				SWIFT_OPTIMIZATION_LEVEL = "-Onone";
			};
			name = Debug;
		};
		A6C4507F1BA7F94600C42E44 /* Release */ = {
			isa = XCBuildConfiguration;
			buildSettings = {
				ALWAYS_SEARCH_USER_PATHS = NO;
				CLANG_CXX_LANGUAGE_STANDARD = "gnu++0x";
				CLANG_CXX_LIBRARY = "libc++";
				CLANG_ENABLE_MODULES = YES;
				CLANG_ENABLE_OBJC_ARC = YES;
				CLANG_WARN_BOOL_CONVERSION = YES;
				CLANG_WARN_CONSTANT_CONVERSION = YES;
				CLANG_WARN_DIRECT_OBJC_ISA_USAGE = YES_ERROR;
				CLANG_WARN_EMPTY_BODY = YES;
				CLANG_WARN_ENUM_CONVERSION = YES;
				CLANG_WARN_INT_CONVERSION = YES;
				CLANG_WARN_OBJC_ROOT_CLASS = YES_ERROR;
				CLANG_WARN_UNREACHABLE_CODE = YES;
				CLANG_WARN__DUPLICATE_METHOD_MATCH = YES;
				"CODE_SIGN_IDENTITY[sdk=iphoneos*]" = "iPhone Developer";
				COPY_PHASE_STRIP = NO;
				DEBUG_INFORMATION_FORMAT = "dwarf-with-dsym";
				ENABLE_NS_ASSERTIONS = NO;
				ENABLE_STRICT_OBJC_MSGSEND = YES;
				GCC_C_LANGUAGE_STANDARD = gnu99;
				GCC_NO_COMMON_BLOCKS = YES;
				GCC_WARN_64_TO_32_BIT_CONVERSION = YES;
				GCC_WARN_ABOUT_RETURN_TYPE = YES_ERROR;
				GCC_WARN_UNDECLARED_SELECTOR = YES;
				GCC_WARN_UNINITIALIZED_AUTOS = YES_AGGRESSIVE;
				GCC_WARN_UNUSED_FUNCTION = YES;
				GCC_WARN_UNUSED_VARIABLE = YES;
				IPHONEOS_DEPLOYMENT_TARGET = 8.4;
				MTL_ENABLE_DEBUG_INFO = NO;
				SDKROOT = iphoneos;
				VALIDATE_PRODUCT = YES;
			};
			name = Release;
		};
		A6C450811BA7F94600C42E44 /* Debug */ = {
			isa = XCBuildConfiguration;
			buildSettings = {
				ASSETCATALOG_COMPILER_APPICON_NAME = AppIcon;
				INFOPLIST_FILE = Map_Test_Swift/Info.plist;
				LD_RUNPATH_SEARCH_PATHS = "$(inherited) @executable_path/Frameworks";
				PRODUCT_NAME = "$(TARGET_NAME)";
			};
			name = Debug;
		};
		A6C450821BA7F94600C42E44 /* Release */ = {
			isa = XCBuildConfiguration;
			buildSettings = {
				ASSETCATALOG_COMPILER_APPICON_NAME = AppIcon;
				INFOPLIST_FILE = Map_Test_Swift/Info.plist;
				LD_RUNPATH_SEARCH_PATHS = "$(inherited) @executable_path/Frameworks";
				PRODUCT_NAME = "$(TARGET_NAME)";
			};
			name = Release;
		};
		A6C450841BA7F94600C42E44 /* Debug */ = {
			isa = XCBuildConfiguration;
			buildSettings = {
				BUNDLE_LOADER = "$(TEST_HOST)";
				FRAMEWORK_SEARCH_PATHS = (
					"$(SDKROOT)/Developer/Library/Frameworks",
					"$(inherited)",
				);
				GCC_PREPROCESSOR_DEFINITIONS = (
					"DEBUG=1",
					"$(inherited)",
				);
				INFOPLIST_FILE = Map_Test_SwiftTests/Info.plist;
				LD_RUNPATH_SEARCH_PATHS = "$(inherited) @executable_path/Frameworks @loader_path/Frameworks";
				PRODUCT_NAME = "$(TARGET_NAME)";
				TEST_HOST = "$(BUILT_PRODUCTS_DIR)/Map_Test_Swift.app/Map_Test_Swift";
			};
			name = Debug;
		};
		A6C450851BA7F94600C42E44 /* Release */ = {
			isa = XCBuildConfiguration;
			buildSettings = {
				BUNDLE_LOADER = "$(TEST_HOST)";
				FRAMEWORK_SEARCH_PATHS = (
					"$(SDKROOT)/Developer/Library/Frameworks",
					"$(inherited)",
				);
				INFOPLIST_FILE = Map_Test_SwiftTests/Info.plist;
				LD_RUNPATH_SEARCH_PATHS = "$(inherited) @executable_path/Frameworks @loader_path/Frameworks";
				PRODUCT_NAME = "$(TARGET_NAME)";
				TEST_HOST = "$(BUILT_PRODUCTS_DIR)/Map_Test_Swift.app/Map_Test_Swift";
			};
			name = Release;
		};
/* End XCBuildConfiguration section */

/* Begin XCConfigurationList section */
		A6C4505C1BA7F94500C42E44 /* Build configuration list for PBXProject "Map_Test_Swift" */ = {
			isa = XCConfigurationList;
			buildConfigurations = (
				A6C4507E1BA7F94600C42E44 /* Debug */,
				A6C4507F1BA7F94600C42E44 /* Release */,
			);
			defaultConfigurationIsVisible = 0;
			defaultConfigurationName = Release;
		};
		A6C450801BA7F94600C42E44 /* Build configuration list for PBXNativeTarget "Map_Test_Swift" */ = {
			isa = XCConfigurationList;
			buildConfigurations = (
				A6C450811BA7F94600C42E44 /* Debug */,
				A6C450821BA7F94600C42E44 /* Release */,
			);
			defaultConfigurationIsVisible = 0;
		};
		A6C450831BA7F94600C42E44 /* Build configuration list for PBXNativeTarget "Map_Test_SwiftTests" */ = {
			isa = XCConfigurationList;
			buildConfigurations = (
				A6C450841BA7F94600C42E44 /* Debug */,
				A6C450851BA7F94600C42E44 /* Release */,
			);
			defaultConfigurationIsVisible = 0;
		};
/* End XCConfigurationList section */
	};
	rootObject = A6C450591BA7F94500C42E44 /* Project object */;
}
